
Microsoft Visual Studio Solution File, Format Version 12.00
Project("{FAE04EC0-301F-11D3-BF4B-00C04F79EFBC}") = "PasswordChecker", "PasswordChecker\PasswordChecker.csproj", "{38F7AEDA-E269-442E-BD7E-B0086377B866}"
EndProject
Project("{FAE04EC0-301F-11D3-BF4B-00C04F79EFBC}") = "Tester", "Tester\Tester.csproj", "{F31C7629-FC99-4E0F-9FC5-41A6C3237A12}"
EndProject
Project("{FAE04EC0-301F-11D3-BF4B-00C04F79EFBC}") = "pswstrchk", "pswstrchk\pswstrchk.csproj", "{9AF3348D-C7D4-443C-AAA3-1CA9B1A41D0A}"
EndProject
Global
	GlobalSection(SolutionConfigurationPlatforms) = preSolution
		Debug|Any CPU = Debug|Any CPU
		Release|Any CPU = Release|Any CPU
	EndGlobalSection
	GlobalSection(ProjectConfigurationPlatforms) = postSolution
		{38F7AEDA-E269-442E-BD7E-B0086377B866}.Debug|Any CPU.ActiveCfg = Debug|Any CPU
		{38F7AEDA-E269-442E-BD7E-B0086377B866}.Debug|Any CPU.Build.0 = Debug|Any CPU
		{38F7AEDA-E269-442E-BD7E-B0086377B866}.Release|Any CPU.ActiveCfg = Release|Any CPU
		{38F7AEDA-E269-442E-BD7E-B0086377B866}.Release|Any CPU.Build.0 = Release|Any CPU
		{F31C7629-FC99-4E0F-9FC5-41A6C3237A12}.Debug|Any CPU.ActiveCfg = Debug|Any CPU
		{F31C7629-FC99-4E0F-9FC5-41A6C3237A12}.Debug|Any CPU.Build.0 = Debug|Any CPU
		{F31C7629-FC99-4E0F-9FC5-41A6C3237A12}.Release|Any CPU.ActiveCfg = Release|Any CPU
		{F31C7629-FC99-4E0F-9FC5-41A6C3237A12}.Release|Any CPU.Build.0 = Release|Any CPU
		{9AF3348D-C7D4-443C-AAA3-1CA9B1A41D0A}.Debug|Any CPU.ActiveCfg = Debug|Any CPU
		{9AF3348D-C7D4-443C-AAA3-1CA9B1A41D0A}.Debug|Any CPU.Build.0 = Debug|Any CPU
		{9AF3348D-C7D4-443C-AAA3-1CA9B1A41D0A}.Release|Any CPU.ActiveCfg = Release|Any CPU
		{9AF3348D-C7D4-443C-AAA3-1CA9B1A41D0A}.Release|Any CPU.Build.0 = Release|Any CPU
	EndGlobalSection
EndGlobal
